
Microsoft Visual Studio Solution File, Format Version 12.00
# Visual Studio Version 16
VisualStudioVersion = 16.0.29503.13
MinimumVisualStudioVersion = 10.0.40219.1
Project("{FAE04EC0-301F-11D3-BF4B-00C04F79EFBC}") = "NewsAgregator.API", "NewsAgregator.API\NewsAgregator.API.csproj", "{E62BC23F-E0E7-4F52-9169-448587A82B7D}"
EndProject
Global
	GlobalSection(SolutionConfigurationPlatforms) = preSolution
		Debug|Any CPU = Debug|Any CPU
		Release|Any CPU = Release|Any CPU
	EndGlobalSection
	GlobalSection(ProjectConfigurationPlatforms) = postSolution
		{E62BC23F-E0E7-4F52-9169-448587A82B7D}.Debug|Any CPU.ActiveCfg = Debug|Any CPU
		{E62BC23F-E0E7-4F52-9169-448587A82B7D}.Debug|Any CPU.Build.0 = Debug|Any CPU
		{E62BC23F-E0E7-4F52-9169-448587A82B7D}.Release|Any CPU.ActiveCfg = Release|Any CPU
		{E62BC23F-E0E7-4F52-9169-448587A82B7D}.Release|Any CPU.Build.0 = Release|Any CPU
	EndGlobalSection
	GlobalSection(SolutionProperties) = preSolution
		HideSolutionNode = FALSE
	EndGlobalSection
	GlobalSection(ExtensibilityGlobals) = postSolution
		SolutionGuid = {8BEC76EC-A03C-4B0F-A320-3BC6A0E9E292}
	EndGlobalSection
EndGlobal
